
Microsoft Visual Studio Solution File, Format Version 12.00
# Visual Studio Version 16
VisualStudioVersion = 16.0.29102.190
MinimumVisualStudioVersion = 10.0.40219.1
Project("{9A19103F-16F7-4668-BE54-9A1E7A4F7556}") = "AqarPress.Web", "AqarPress.Web\AqarPress.Web.csproj", "{ED7CEA9D-300B-4DCA-9B81-E0BC5C7CB794}"
EndProject
Project("{2150E333-8FDC-42A3-9474-1A3956D46DE8}") = "Data", "Data", "{B0401BD3-F72F-4195-AF85-9349D442D6CA}"
EndProject
Project("{FAE04EC0-301F-11D3-BF4B-00C04F79EFBC}") = "AqarPress.Migration", "Data\AqarPress.Migration\AqarPress.Migration.csproj", "{13915AB0-376F-40C4-A57D-3B2A44979E47}"
EndProject
Project("{FAE04EC0-301F-11D3-BF4B-00C04F79EFBC}") = "AqarPress.Core", "AqarPress.Core\AqarPress.Core.csproj", "{57A18E66-78A9-4617-8DC3-E8AD88052F12}"
EndProject
Project("{FAE04EC0-301F-11D3-BF4B-00C04F79EFBC}") = "DB_A4D6F8_AqarPress.Data", "Data\DatabaseGeneric\DB_A4D6F8_AqarPress.Data.csproj", "{13AE6F14-863F-4046-9C40-5520B7D0FC59}"
EndProject
Project("{FAE04EC0-301F-11D3-BF4B-00C04F79EFBC}") = "DB_A4D6F8_AqarPress.DataDBSpecific", "Data\DatabaseSpecific\DB_A4D6F8_AqarPress.DataDBSpecific.csproj", "{E1612A5F-A78A-4E3F-9343-B14080835E0B}"
EndProject
Project("{FAE04EC0-301F-11D3-BF4B-00C04F79EFBC}") = "Edit", "Data\Edit\Edit.csproj", "{60F4C3D0-EF14-4DB2-8A1B-969289E182AC}"
EndProject
Project("{FAE04EC0-301F-11D3-BF4B-00C04F79EFBC}") = "Edit.Persistence", "Data\Edit.Persistence\Edit.Persistence.csproj", "{D37B07C5-9BAA-4B31-A246-6B1DB66C44B9}"
EndProject
Project("{FAE04EC0-301F-11D3-BF4B-00C04F79EFBC}") = "View", "Data\View\View.csproj", "{534FA152-CD19-4CCC-AB85-B96C070BD752}"
EndProject
Project("{FAE04EC0-301F-11D3-BF4B-00C04F79EFBC}") = "View.Persistence", "Data\View.Persistence\View.Persistence.csproj", "{559266AC-3FA1-422A-BDBE-1FCBC6EC71E5}"
EndProject
Global
	GlobalSection(SolutionConfigurationPlatforms) = preSolution
		Debug|Any CPU = Debug|Any CPU
		Release|Any CPU = Release|Any CPU
	EndGlobalSection
	GlobalSection(ProjectConfigurationPlatforms) = postSolution
		{ED7CEA9D-300B-4DCA-9B81-E0BC5C7CB794}.Debug|Any CPU.ActiveCfg = Debug|Any CPU
		{ED7CEA9D-300B-4DCA-9B81-E0BC5C7CB794}.Debug|Any CPU.Build.0 = Debug|Any CPU
		{ED7CEA9D-300B-4DCA-9B81-E0BC5C7CB794}.Release|Any CPU.ActiveCfg = Release|Any CPU
		{ED7CEA9D-300B-4DCA-9B81-E0BC5C7CB794}.Release|Any CPU.Build.0 = Release|Any CPU
		{13915AB0-376F-40C4-A57D-3B2A44979E47}.Debug|Any CPU.ActiveCfg = Debug|Any CPU
		{13915AB0-376F-40C4-A57D-3B2A44979E47}.Debug|Any CPU.Build.0 = Debug|Any CPU
		{13915AB0-376F-40C4-A57D-3B2A44979E47}.Release|Any CPU.ActiveCfg = Release|Any CPU
		{13915AB0-376F-40C4-A57D-3B2A44979E47}.Release|Any CPU.Build.0 = Release|Any CPU
		{57A18E66-78A9-4617-8DC3-E8AD88052F12}.Debug|Any CPU.ActiveCfg = Debug|Any CPU
		{57A18E66-78A9-4617-8DC3-E8AD88052F12}.Debug|Any CPU.Build.0 = Debug|Any CPU
		{57A18E66-78A9-4617-8DC3-E8AD88052F12}.Release|Any CPU.ActiveCfg = Release|Any CPU
		{57A18E66-78A9-4617-8DC3-E8AD88052F12}.Release|Any CPU.Build.0 = Release|Any CPU
		{13AE6F14-863F-4046-9C40-5520B7D0FC59}.Debug|Any CPU.ActiveCfg = Debug|Any CPU
		{13AE6F14-863F-4046-9C40-5520B7D0FC59}.Debug|Any CPU.Build.0 = Debug|Any CPU
		{13AE6F14-863F-4046-9C40-5520B7D0FC59}.Release|Any CPU.ActiveCfg = Release|Any CPU
		{13AE6F14-863F-4046-9C40-5520B7D0FC59}.Release|Any CPU.Build.0 = Release|Any CPU
		{E1612A5F-A78A-4E3F-9343-B14080835E0B}.Debug|Any CPU.ActiveCfg = Debug|Any CPU
		{E1612A5F-A78A-4E3F-9343-B14080835E0B}.Debug|Any CPU.Build.0 = Debug|Any CPU
		{E1612A5F-A78A-4E3F-9343-B14080835E0B}.Release|Any CPU.ActiveCfg = Release|Any CPU
		{E1612A5F-A78A-4E3F-9343-B14080835E0B}.Release|Any CPU.Build.0 = Release|Any CPU
		{60F4C3D0-EF14-4DB2-8A1B-969289E182AC}.Debug|Any CPU.ActiveCfg = Debug|Any CPU
		{60F4C3D0-EF14-4DB2-8A1B-969289E182AC}.Debug|Any CPU.Build.0 = Debug|Any CPU
		{60F4C3D0-EF14-4DB2-8A1B-969289E182AC}.Release|Any CPU.ActiveCfg = Release|Any CPU
		{60F4C3D0-EF14-4DB2-8A1B-969289E182AC}.Release|Any CPU.Build.0 = Release|Any CPU
		{D37B07C5-9BAA-4B31-A246-6B1DB66C44B9}.Debug|Any CPU.ActiveCfg = Debug|Any CPU
		{D37B07C5-9BAA-4B31-A246-6B1DB66C44B9}.Debug|Any CPU.Build.0 = Debug|Any CPU
		{D37B07C5-9BAA-4B31-A246-6B1DB66C44B9}.Release|Any CPU.ActiveCfg = Release|Any CPU
		{D37B07C5-9BAA-4B31-A246-6B1DB66C44B9}.Release|Any CPU.Build.0 = Release|Any CPU
		{534FA152-CD19-4CCC-AB85-B96C070BD752}.Debug|Any CPU.ActiveCfg = Debug|Any CPU
		{534FA152-CD19-4CCC-AB85-B96C070BD752}.Debug|Any CPU.Build.0 = Debug|Any CPU
		{534FA152-CD19-4CCC-AB85-B96C070BD752}.Release|Any CPU.ActiveCfg = Release|Any CPU
		{534FA152-CD19-4CCC-AB85-B96C070BD752}.Release|Any CPU.Build.0 = Release|Any CPU
		{559266AC-3FA1-422A-BDBE-1FCBC6EC71E5}.Debug|Any CPU.ActiveCfg = Debug|Any CPU
		{559266AC-3FA1-422A-BDBE-1FCBC6EC71E5}.Debug|Any CPU.Build.0 = Debug|Any CPU
		{559266AC-3FA1-422A-BDBE-1FCBC6EC71E5}.Release|Any CPU.ActiveCfg = Release|Any CPU
		{559266AC-3FA1-422A-BDBE-1FCBC6EC71E5}.Release|Any CPU.Build.0 = Release|Any CPU
	EndGlobalSection
	GlobalSection(SolutionProperties) = preSolution
		HideSolutionNode = FALSE
	EndGlobalSection
	GlobalSection(NestedProjects) = preSolution
		{13915AB0-376F-40C4-A57D-3B2A44979E47} = {B0401BD3-F72F-4195-AF85-9349D442D6CA}
		{13AE6F14-863F-4046-9C40-5520B7D0FC59} = {B0401BD3-F72F-4195-AF85-9349D442D6CA}
		{E1612A5F-A78A-4E3F-9343-B14080835E0B} = {B0401BD3-F72F-4195-AF85-9349D442D6CA}
		{60F4C3D0-EF14-4DB2-8A1B-969289E182AC} = {B0401BD3-F72F-4195-AF85-9349D442D6CA}
		{D37B07C5-9BAA-4B31-A246-6B1DB66C44B9} = {B0401BD3-F72F-4195-AF85-9349D442D6CA}
		{534FA152-CD19-4CCC-AB85-B96C070BD752} = {B0401BD3-F72F-4195-AF85-9349D442D6CA}
		{559266AC-3FA1-422A-BDBE-1FCBC6EC71E5} = {B0401BD3-F72F-4195-AF85-9349D442D6CA}
	EndGlobalSection
	GlobalSection(ExtensibilityGlobals) = postSolution
		SolutionGuid = {95935794-B794-4B3E-A8C9-8C8BEB1B31AE}
	EndGlobalSection
EndGlobal
